
Microsoft Visual Studio Solution File, Format Version 12.00
# Visual Studio 15
VisualStudioVersion = 15.0.27703.2035
MinimumVisualStudioVersion = 10.0.40219.1
Project("{9A19103F-16F7-4668-BE54-9A1E7A4F7556}") = "MyMVA", "MyMVA\MyMVA.csproj", "{4B1453B1-F96E-4764-971D-9747EB6D5C84}"
EndProject
Project("{9A19103F-16F7-4668-BE54-9A1E7A4F7556}") = "WebApplication27", "WebApplication27\WebApplication27.csproj", "{041ECD21-443C-4B84-A127-83FA89CE3320}"
EndProject
Project("{FAE04EC0-301F-11D3-BF4B-00C04F79EFBC}") = "WebApplication28", "WebApplication28\WebApplication28.csproj", "{4CF029CA-A9A3-400D-854A-E2792A1FAC90}"
EndProject
Global
	GlobalSection(SolutionConfigurationPlatforms) = preSolution
		Debug|Any CPU = Debug|Any CPU
		Release|Any CPU = Release|Any CPU
	EndGlobalSection
	GlobalSection(ProjectConfigurationPlatforms) = postSolution
		{4B1453B1-F96E-4764-971D-9747EB6D5C84}.Debug|Any CPU.ActiveCfg = Debug|Any CPU
		{4B1453B1-F96E-4764-971D-9747EB6D5C84}.Debug|Any CPU.Build.0 = Debug|Any CPU
		{4B1453B1-F96E-4764-971D-9747EB6D5C84}.Release|Any CPU.ActiveCfg = Release|Any CPU
		{4B1453B1-F96E-4764-971D-9747EB6D5C84}.Release|Any CPU.Build.0 = Release|Any CPU
		{041ECD21-443C-4B84-A127-83FA89CE3320}.Debug|Any CPU.ActiveCfg = Debug|Any CPU
		{041ECD21-443C-4B84-A127-83FA89CE3320}.Debug|Any CPU.Build.0 = Debug|Any CPU
		{041ECD21-443C-4B84-A127-83FA89CE3320}.Release|Any CPU.ActiveCfg = Release|Any CPU
		{041ECD21-443C-4B84-A127-83FA89CE3320}.Release|Any CPU.Build.0 = Release|Any CPU
		{4CF029CA-A9A3-400D-854A-E2792A1FAC90}.Debug|Any CPU.ActiveCfg = Debug|Any CPU
		{4CF029CA-A9A3-400D-854A-E2792A1FAC90}.Debug|Any CPU.Build.0 = Debug|Any CPU
		{4CF029CA-A9A3-400D-854A-E2792A1FAC90}.Release|Any CPU.ActiveCfg = Release|Any CPU
		{4CF029CA-A9A3-400D-854A-E2792A1FAC90}.Release|Any CPU.Build.0 = Release|Any CPU
	EndGlobalSection
	GlobalSection(SolutionProperties) = preSolution
		HideSolutionNode = FALSE
	EndGlobalSection
	GlobalSection(ExtensibilityGlobals) = postSolution
		SolutionGuid = {C2B5300D-13A5-4965-8923-D216EE247DBC}
	EndGlobalSection
EndGlobal
